
Microsoft Visual Studio Solution File, Format Version 12.00
# Visual Studio Version 16
VisualStudioVersion = 16.0.30517.126
MinimumVisualStudioVersion = 10.0.40219.1
Project("{FAE04EC0-301F-11D3-BF4B-00C04F79EFBC}") = "WhileLoop", "WhileLoop\WhileLoop.csproj", "{38E3037A-F0B5-4B29-B497-682D660B0E1C}"
EndProject
Project("{FAE04EC0-301F-11D3-BF4B-00C04F79EFBC}") = "PINValidationThreeTries", "PINValidationThreeTries\PINValidationThreeTries.csproj", "{3C78F172-BB2E-4B3A-9583-D611CE38BAB9}"
EndProject
Project("{FAE04EC0-301F-11D3-BF4B-00C04F79EFBC}") = "LoginValidation", "LoginValidation\LoginValidation.csproj", "{5ABC91BF-2B13-4119-872D-B7D2A5040A64}"
EndProject
Global
	GlobalSection(SolutionConfigurationPlatforms) = preSolution
		Debug|Any CPU = Debug|Any CPU
		Release|Any CPU = Release|Any CPU
	EndGlobalSection
	GlobalSection(ProjectConfigurationPlatforms) = postSolution
		{38E3037A-F0B5-4B29-B497-682D660B0E1C}.Debug|Any CPU.ActiveCfg = Debug|Any CPU
		{38E3037A-F0B5-4B29-B497-682D660B0E1C}.Debug|Any CPU.Build.0 = Debug|Any CPU
		{38E3037A-F0B5-4B29-B497-682D660B0E1C}.Release|Any CPU.ActiveCfg = Release|Any CPU
		{38E3037A-F0B5-4B29-B497-682D660B0E1C}.Release|Any CPU.Build.0 = Release|Any CPU
		{3C78F172-BB2E-4B3A-9583-D611CE38BAB9}.Debug|Any CPU.ActiveCfg = Debug|Any CPU
		{3C78F172-BB2E-4B3A-9583-D611CE38BAB9}.Debug|Any CPU.Build.0 = Debug|Any CPU
		{3C78F172-BB2E-4B3A-9583-D611CE38BAB9}.Release|Any CPU.ActiveCfg = Release|Any CPU
		{3C78F172-BB2E-4B3A-9583-D611CE38BAB9}.Release|Any CPU.Build.0 = Release|Any CPU
		{5ABC91BF-2B13-4119-872D-B7D2A5040A64}.Debug|Any CPU.ActiveCfg = Debug|Any CPU
		{5ABC91BF-2B13-4119-872D-B7D2A5040A64}.Debug|Any CPU.Build.0 = Debug|Any CPU
		{5ABC91BF-2B13-4119-872D-B7D2A5040A64}.Release|Any CPU.ActiveCfg = Release|Any CPU
		{5ABC91BF-2B13-4119-872D-B7D2A5040A64}.Release|Any CPU.Build.0 = Release|Any CPU
	EndGlobalSection
	GlobalSection(SolutionProperties) = preSolution
		HideSolutionNode = FALSE
	EndGlobalSection
	GlobalSection(ExtensibilityGlobals) = postSolution
		SolutionGuid = {3E5739F0-E328-4377-8901-B6E5EDBA9A7E}
	EndGlobalSection
EndGlobal
